// !$*UTF8*$!
{
	archiveVersion = 1;
	classes = {
	};
	objectVersion = 48;
	objects = {

/* Begin PBXBuildFile section */
		2F6359A1264D5D540028BF60 /* AppDelegate.swift in Sources */ = {isa = PBXBuildFile; fileRef = 2F6359A0264D5D540028BF60 /* AppDelegate.swift */; };
		2F6359A3264D5D540028BF60 /* ViewController.swift in Sources */ = {isa = PBXBuildFile; fileRef = 2F6359A2264D5D540028BF60 /* ViewController.swift */; };
		2F6359A6264D5D540028BF60 /* Main.storyboard in Resources */ = {isa = PBXBuildFile; fileRef = 2F6359A4264D5D540028BF60 /* Main.storyboard */; };
		2F6359A8264D5D550028BF60 /* Assets.xcassets in Resources */ = {isa = PBXBuildFile; fileRef = 2F6359A7264D5D550028BF60 /* Assets.xcassets */; };
		2F6359AB264D5D550028BF60 /* LaunchScreen.storyboard in Resources */ = {isa = PBXBuildFile; fileRef = 2F6359A9264D5D550028BF60 /* LaunchScreen.storyboard */; };
		2F6359B4264D67110028BF60 /* LoginViewController.swift in Sources */ = {isa = PBXBuildFile; fileRef = 2F6359B3264D67110028BF60 /* LoginViewController.swift */; };
		2F6359B7264D6C4C0028BF60 /* SignUpViewController.swift in Sources */ = {isa = PBXBuildFile; fileRef = 2F6359B6264D6C4C0028BF60 /* SignUpViewController.swift */; };
		2FAFBC49265013C6002B0B3A /* GoogleService-Info.plist in Resources */ = {isa = PBXBuildFile; fileRef = 2FAFBC48265013C6002B0B3A /* GoogleService-Info.plist */; };
		2FAFBC4D2650290E002B0B3A /* SharedPrefController.swift in Sources */ = {isa = PBXBuildFile; fileRef = 2FAFBC4C2650290E002B0B3A /* SharedPrefController.swift */; };
		2FAFBC502650297B002B0B3A /* Constants.swift in Sources */ = {isa = PBXBuildFile; fileRef = 2FAFBC4F2650297B002B0B3A /* Constants.swift */; };
		2FAFBC5326502C57002B0B3A /* DialogFactory.swift in Sources */ = {isa = PBXBuildFile; fileRef = 2FAFBC5226502C57002B0B3A /* DialogFactory.swift */; };
		2FAFBC5726503039002B0B3A /* HomeScreenViewController.swift in Sources */ = {isa = PBXBuildFile; fileRef = 2FAFBC5626503039002B0B3A /* HomeScreenViewController.swift */; };
		2FE8D7BC265153EA00BAA47A /* QuestionViewCell.swift in Sources */ = {isa = PBXBuildFile; fileRef = 2FE8D7BB265153EA00BAA47A /* QuestionViewCell.swift */; };
		2FE8D7BF265155AD00BAA47A /* QuestionResponse.swift in Sources */ = {isa = PBXBuildFile; fileRef = 2FE8D7BE265155AD00BAA47A /* QuestionResponse.swift */; };
		2FE8D7C1265155C000BAA47A /* Question.swift in Sources */ = {isa = PBXBuildFile; fileRef = 2FE8D7C0265155C000BAA47A /* Question.swift */; };
		2FF6E2DC2651174C004F3804 /* QuizViewController.swift in Sources */ = {isa = PBXBuildFile; fileRef = 2FF6E2DB2651174C004F3804 /* QuizViewController.swift */; };
		2FF6E2DF265120E4004F3804 /* NetworkAdapter.swift in Sources */ = {isa = PBXBuildFile; fileRef = 2FF6E2DE265120E4004F3804 /* NetworkAdapter.swift */; };
		4CF1224C5531D40B811577C7 /* Pods_QuizApp.framework in Frameworks */ = {isa = PBXBuildFile; fileRef = 1FF0D996C74456675225DBC2 /* Pods_QuizApp.framework */; };
/* End PBXBuildFile section */

/* Begin PBXFileReference section */
		1FF0D996C74456675225DBC2 /* Pods_QuizApp.framework */ = {isa = PBXFileReference; explicitFileType = wrapper.framework; includeInIndex = 0; path = Pods_QuizApp.framework; sourceTree = BUILT_PRODUCTS_DIR; };
		2F63599D264D5D540028BF60 /* QuizApp.app */ = {isa = PBXFileReference; explicitFileType = wrapper.application; includeInIndex = 0; path = QuizApp.app; sourceTree = BUILT_PRODUCTS_DIR; };
		2F6359A0264D5D540028BF60 /* AppDelegate.swift */ = {isa = PBXFileReference; lastKnownFileType = sourcecode.swift; path = AppDelegate.swift; sourceTree = "<group>"; };
		2F6359A2264D5D540028BF60 /* ViewController.swift */ = {isa = PBXFileReference; lastKnownFileType = sourcecode.swift; path = ViewController.swift; sourceTree = "<group>"; };
		2F6359A5264D5D540028BF60 /* Base */ = {isa = PBXFileReference; lastKnownFileType = file.storyboard; name = Base; path = Base.lproj/Main.storyboard; sourceTree = "<group>"; };
		2F6359A7264D5D550028BF60 /* Assets.xcassets */ = {isa = PBXFileReference; lastKnownFileType = folder.assetcatalog; path = Assets.xcassets; sourceTree = "<group>"; };
		2F6359AA264D5D550028BF60 /* Base */ = {isa = PBXFileReference; lastKnownFileType = file.storyboard; name = Base; path = Base.lproj/LaunchScreen.storyboard; sourceTree = "<group>"; };
		2F6359AC264D5D550028BF60 /* Info.plist */ = {isa = PBXFileReference; lastKnownFileType = text.plist.xml; path = Info.plist; sourceTree = "<group>"; };
		2F6359B3264D67110028BF60 /* LoginViewController.swift */ = {isa = PBXFileReference; lastKnownFileType = sourcecode.swift; path = LoginViewController.swift; sourceTree = "<group>"; };
		2F6359B6264D6C4C0028BF60 /* SignUpViewController.swift */ = {isa = PBXFileReference; lastKnownFileType = sourcecode.swift; path = SignUpViewController.swift; sourceTree = "<group>"; };
		2FAFBC48265013C6002B0B3A /* GoogleService-Info.plist */ = {isa = PBXFileReference; fileEncoding = 4; lastKnownFileType = text.plist.xml; name = "GoogleService-Info.plist"; path = "../../../Downloads/GoogleService-Info.plist"; sourceTree = "<group>"; };
		2FAFBC4C2650290E002B0B3A /* SharedPrefController.swift */ = {isa = PBXFileReference; lastKnownFileType = sourcecode.swift; path = SharedPrefController.swift; sourceTree = "<group>"; };
		2FAFBC4F2650297B002B0B3A /* Constants.swift */ = {isa = PBXFileReference; lastKnownFileType = sourcecode.swift; path = Constants.swift; sourceTree = "<group>"; };
		2FAFBC5226502C57002B0B3A /* DialogFactory.swift */ = {isa = PBXFileReference; lastKnownFileType = sourcecode.swift; path = DialogFactory.swift; sourceTree = "<group>"; };
		2FAFBC5626503039002B0B3A /* HomeScreenViewController.swift */ = {isa = PBXFileReference; lastKnownFileType = sourcecode.swift; path = HomeScreenViewController.swift; sourceTree = "<group>"; };
		2FE8D7BB265153EA00BAA47A /* QuestionViewCell.swift */ = {isa = PBXFileReference; lastKnownFileType = sourcecode.swift; path = QuestionViewCell.swift; sourceTree = "<group>"; };
		2FE8D7BE265155AD00BAA47A /* QuestionResponse.swift */ = {isa = PBXFileReference; lastKnownFileType = sourcecode.swift; path = QuestionResponse.swift; sourceTree = "<group>"; };
		2FE8D7C0265155C000BAA47A /* Question.swift */ = {isa = PBXFileReference; lastKnownFileType = sourcecode.swift; path = Question.swift; sourceTree = "<group>"; };
		2FF6E2DB2651174C004F3804 /* QuizViewController.swift */ = {isa = PBXFileReference; lastKnownFileType = sourcecode.swift; path = QuizViewController.swift; sourceTree = "<group>"; };
		2FF6E2DE265120E4004F3804 /* NetworkAdapter.swift */ = {isa = PBXFileReference; lastKnownFileType = sourcecode.swift; path = NetworkAdapter.swift; sourceTree = "<group>"; };
		33909467A380229A3B0C6EF4 /* Pods-QuizApp.release.xcconfig */ = {isa = PBXFileReference; includeInIndex = 1; lastKnownFileType = text.xcconfig; name = "Pods-QuizApp.release.xcconfig"; path = "Target Support Files/Pods-QuizApp/Pods-QuizApp.release.xcconfig"; sourceTree = "<group>"; };
		8A1E801FE8E3EAEA98FBD6ED /* Pods-QuizApp.debug.xcconfig */ = {isa = PBXFileReference; includeInIndex = 1; lastKnownFileType = text.xcconfig; name = "Pods-QuizApp.debug.xcconfig"; path = "Target Support Files/Pods-QuizApp/Pods-QuizApp.debug.xcconfig"; sourceTree = "<group>"; };
/* End PBXFileReference section */

/* Begin PBXFrameworksBuildPhase section */
		2F63599A264D5D540028BF60 /* Frameworks */ = {
			isa = PBXFrameworksBuildPhase;
			buildActionMask = 2147483647;
			files = (
				4CF1224C5531D40B811577C7 /* Pods_QuizApp.framework in Frameworks */,
			);
			runOnlyForDeploymentPostprocessing = 0;
		};
/* End PBXFrameworksBuildPhase section */

/* Begin PBXGroup section */
		0BC99C6DB4A6704EEC19362C /* Frameworks */ = {
			isa = PBXGroup;
			children = (
				1FF0D996C74456675225DBC2 /* Pods_QuizApp.framework */,
			);
			name = Frameworks;
			sourceTree = "<group>";
		};
		2F635994264D5D540028BF60 = {
			isa = PBXGroup;
			children = (
				2F63599F264D5D540028BF60 /* QuizApp */,
				2F63599E264D5D540028BF60 /* Products */,
				4C9803F9BDD198B0955C5024 /* Pods */,
				0BC99C6DB4A6704EEC19362C /* Frameworks */,
			);
			sourceTree = "<group>";
		};
		2F63599E264D5D540028BF60 /* Products */ = {
			isa = PBXGroup;
			children = (
				2F63599D264D5D540028BF60 /* QuizApp.app */,
			);
			name = Products;
			sourceTree = "<group>";
		};
		2F63599F264D5D540028BF60 /* QuizApp */ = {
			isa = PBXGroup;
			children = (
				2FF6E2DA26511724004F3804 /* quiz */,
				2FAFBC5526503026002B0B3A /* home */,
				2FAFBC5126502C47002B0B3A /* utilities */,
				2FAFBC4E26502967002B0B3A /* constants */,
				2FAFBC4B265028DB002B0B3A /* data */,
				2F6359B5264D6C370028BF60 /* inscription */,
				2F6359B2264D66CF0028BF60 /* authentication */,
				2F6359A0264D5D540028BF60 /* AppDelegate.swift */,
				2F6359A2264D5D540028BF60 /* ViewController.swift */,
				2F6359A4264D5D540028BF60 /* Main.storyboard */,
				2F6359A7264D5D550028BF60 /* Assets.xcassets */,
				2F6359A9264D5D550028BF60 /* LaunchScreen.storyboard */,
				2FAFBC48265013C6002B0B3A /* GoogleService-Info.plist */,
				2F6359AC264D5D550028BF60 /* Info.plist */,
			);
			path = QuizApp;
			sourceTree = "<group>";
		};
		2F6359B2264D66CF0028BF60 /* authentication */ = {
			isa = PBXGroup;
			children = (
				2F6359B3264D67110028BF60 /* LoginViewController.swift */,
			);
			path = authentication;
			sourceTree = "<group>";
		};
		2F6359B5264D6C370028BF60 /* inscription */ = {
			isa = PBXGroup;
			children = (
				2F6359B6264D6C4C0028BF60 /* SignUpViewController.swift */,
			);
			path = inscription;
			sourceTree = "<group>";
		};
		2FAFBC4B265028DB002B0B3A /* data */ = {
			isa = PBXGroup;
			children = (
				2FE8D7BD2651559900BAA47A /* entities */,
				2FF6E2DD265120BC004F3804 /* network */,
				2FAFBC4C2650290E002B0B3A /* SharedPrefController.swift */,
			);
			path = data;
			sourceTree = "<group>";
		};
		2FAFBC4E26502967002B0B3A /* constants */ = {
			isa = PBXGroup;
			children = (
				2FAFBC4F2650297B002B0B3A /* Constants.swift */,
			);
			path = constants;
			sourceTree = "<group>";
		};
		2FAFBC5126502C47002B0B3A /* utilities */ = {
			isa = PBXGroup;
			children = (
				2FAFBC5226502C57002B0B3A /* DialogFactory.swift */,
			);
			path = utilities;
			sourceTree = "<group>";
		};
		2FAFBC5526503026002B0B3A /* home */ = {
			isa = PBXGroup;
			children = (
				2FAFBC5626503039002B0B3A /* HomeScreenViewController.swift */,
			);
			path = home;
			sourceTree = "<group>";
		};
		2FE8D7BD2651559900BAA47A /* entities */ = {
			isa = PBXGroup;
			children = (
				2FE8D7BE265155AD00BAA47A /* QuestionResponse.swift */,
				2FE8D7C0265155C000BAA47A /* Question.swift */,
			);
			path = entities;
			sourceTree = "<group>";
		};
		2FF6E2DA26511724004F3804 /* quiz */ = {
			isa = PBXGroup;
			children = (
				2FF6E2DB2651174C004F3804 /* QuizViewController.swift */,
				2FE8D7BB265153EA00BAA47A /* QuestionViewCell.swift */,
			);
			path = quiz;
			sourceTree = "<group>";
		};
		2FF6E2DD265120BC004F3804 /* network */ = {
			isa = PBXGroup;
			children = (
				2FF6E2DE265120E4004F3804 /* NetworkAdapter.swift */,
			);
			path = network;
			sourceTree = "<group>";
		};
		4C9803F9BDD198B0955C5024 /* Pods */ = {
			isa = PBXGroup;
			children = (
				8A1E801FE8E3EAEA98FBD6ED /* Pods-QuizApp.debug.xcconfig */,
				33909467A380229A3B0C6EF4 /* Pods-QuizApp.release.xcconfig */,
			);
			path = Pods;
			sourceTree = "<group>";
		};
/* End PBXGroup section */

/* Begin PBXNativeTarget section */
		2F63599C264D5D540028BF60 /* QuizApp */ = {
			isa = PBXNativeTarget;
			buildConfigurationList = 2F6359AF264D5D550028BF60 /* Build configuration list for PBXNativeTarget "QuizApp" */;
			buildPhases = (
				855C6B9FBA6B47858B51FF66 /* [CP] Check Pods Manifest.lock */,
				2F635999264D5D540028BF60 /* Sources */,
				2F63599A264D5D540028BF60 /* Frameworks */,
				2F63599B264D5D540028BF60 /* Resources */,
				A4B24F4989B031888CB6981C /* [CP] Embed Pods Frameworks */,
			);
			buildRules = (
			);
			dependencies = (
			);
			name = QuizApp;
			productName = QuizApp;
			productReference = 2F63599D264D5D540028BF60 /* QuizApp.app */;
			productType = "com.apple.product-type.application";
		};
/* End PBXNativeTarget section */

/* Begin PBXProject section */
		2F635995264D5D540028BF60 /* Project object */ = {
			isa = PBXProject;
			attributes = {
				LastSwiftUpdateCheck = 0920;
				LastUpgradeCheck = 0920;
				ORGANIZATIONNAME = KOUKI_BADR;
				TargetAttributes = {
					2F63599C264D5D540028BF60 = {
						CreatedOnToolsVersion = 9.2;
						ProvisioningStyle = Automatic;
					};
				};
			};
			buildConfigurationList = 2F635998264D5D540028BF60 /* Build configuration list for PBXProject "QuizApp" */;
			compatibilityVersion = "Xcode 8.0";
			developmentRegion = en;
			hasScannedForEncodings = 0;
			knownRegions = (
				en,
				Base,
			);
			mainGroup = 2F635994264D5D540028BF60;
			productRefGroup = 2F63599E264D5D540028BF60 /* Products */;
			projectDirPath = "";
			projectRoot = "";
			targets = (
				2F63599C264D5D540028BF60 /* QuizApp */,
			);
		};
/* End PBXProject section */

/* Begin PBXResourcesBuildPhase section */
		2F63599B264D5D540028BF60 /* Resources */ = {
			isa = PBXResourcesBuildPhase;
			buildActionMask = 2147483647;
			files = (
				2F6359AB264D5D550028BF60 /* LaunchScreen.storyboard in Resources */,
				2FAFBC49265013C6002B0B3A /* GoogleService-Info.plist in Resources */,
				2F6359A8264D5D550028BF60 /* Assets.xcassets in Resources */,
				2F6359A6264D5D540028BF60 /* Main.storyboard in Resources */,
			);
			runOnlyForDeploymentPostprocessing = 0;
		};
/* End PBXResourcesBuildPhase section */

/* Begin PBXShellScriptBuildPhase section */
		855C6B9FBA6B47858B51FF66 /* [CP] Check Pods Manifest.lock */ = {
			isa = PBXShellScriptBuildPhase;
			buildActionMask = 2147483647;
			files = (
			);
			inputPaths = (
				"${PODS_PODFILE_DIR_PATH}/Podfile.lock",
				"${PODS_ROOT}/Manifest.lock",
			);
			name = "[CP] Check Pods Manifest.lock";
			outputPaths = (
				"$(DERIVED_FILE_DIR)/Pods-QuizApp-checkManifestLockResult.txt",
			);
			runOnlyForDeploymentPostprocessing = 0;
			shellPath = /bin/sh;
			shellScript = "diff \"${PODS_PODFILE_DIR_PATH}/Podfile.lock\" \"${PODS_ROOT}/Manifest.lock\" > /dev/null\nif [ $? != 0 ] ; then\n    # print error to STDERR\n    echo \"error: The sandbox is not in sync with the Podfile.lock. Run 'pod install' or update your CocoaPods installation.\" >&2\n    exit 1\nfi\n# This output is used by Xcode 'outputs' to avoid re-running this script phase.\necho \"SUCCESS\" > \"${SCRIPT_OUTPUT_FILE_0}\"\n";
			showEnvVarsInLog = 0;
		};
		A4B24F4989B031888CB6981C /* [CP] Embed Pods Frameworks */ = {
			isa = PBXShellScriptBuildPhase;
			buildActionMask = 2147483647;
			files = (
			);
			inputPaths = (
				"${PODS_ROOT}/Target Support Files/Pods-QuizApp/Pods-QuizApp-frameworks.sh",
				"${BUILT_PRODUCTS_DIR}/Alamofire/Alamofire.framework",
				"${BUILT_PRODUCTS_DIR}/FirebaseCore/FirebaseCore.framework",
				"${BUILT_PRODUCTS_DIR}/FirebaseCoreDiagnostics/FirebaseCoreDiagnostics.framework",
				"${BUILT_PRODUCTS_DIR}/FirebaseDatabase/FirebaseDatabase.framework",
				"${BUILT_PRODUCTS_DIR}/GoogleDataTransport/GoogleDataTransport.framework",
				"${BUILT_PRODUCTS_DIR}/GoogleUtilities/GoogleUtilities.framework",
				"${BUILT_PRODUCTS_DIR}/Kingfisher/Kingfisher.framework",
				"${BUILT_PRODUCTS_DIR}/PromisesObjC/FBLPromises.framework",
				"${BUILT_PRODUCTS_DIR}/leveldb-library/leveldb.framework",
				"${BUILT_PRODUCTS_DIR}/nanopb/nanopb.framework",
			);
			name = "[CP] Embed Pods Frameworks";
			outputPaths = (
				"${TARGET_BUILD_DIR}/${FRAMEWORKS_FOLDER_PATH}/Alamofire.framework",
				"${TARGET_BUILD_DIR}/${FRAMEWORKS_FOLDER_PATH}/FirebaseCore.framework",
				"${TARGET_BUILD_DIR}/${FRAMEWORKS_FOLDER_PATH}/FirebaseCoreDiagnostics.framework",
				"${TARGET_BUILD_DIR}/${FRAMEWORKS_FOLDER_PATH}/FirebaseDatabase.framework",
				"${TARGET_BUILD_DIR}/${FRAMEWORKS_FOLDER_PATH}/GoogleDataTransport.framework",
				"${TARGET_BUILD_DIR}/${FRAMEWORKS_FOLDER_PATH}/GoogleUtilities.framework",
				"${TARGET_BUILD_DIR}/${FRAMEWORKS_FOLDER_PATH}/Kingfisher.framework",
				"${TARGET_BUILD_DIR}/${FRAMEWORKS_FOLDER_PATH}/FBLPromises.framework",
				"${TARGET_BUILD_DIR}/${FRAMEWORKS_FOLDER_PATH}/leveldb.framework",
				"${TARGET_BUILD_DIR}/${FRAMEWORKS_FOLDER_PATH}/nanopb.framework",
			);
			runOnlyForDeploymentPostprocessing = 0;
			shellPath = /bin/sh;
			shellScript = "\"${PODS_ROOT}/Target Support Files/Pods-QuizApp/Pods-QuizApp-frameworks.sh\"\n";
			showEnvVarsInLog = 0;
		};
/* End PBXShellScriptBuildPhase section */

/* Begin PBXSourcesBuildPhase section */
		2F635999264D5D540028BF60 /* Sources */ = {
			isa = PBXSourcesBuildPhase;
			buildActionMask = 2147483647;
			files = (
				2FE8D7BF265155AD00BAA47A /* QuestionResponse.swift in Sources */,
				2FAFBC5326502C57002B0B3A /* DialogFactory.swift in Sources */,
				2FAFBC5726503039002B0B3A /* HomeScreenViewController.swift in Sources */,
				2F6359B4264D67110028BF60 /* LoginViewController.swift in Sources */,
				2FE8D7BC265153EA00BAA47A /* QuestionViewCell.swift in Sources */,
				2F6359A3264D5D540028BF60 /* ViewController.swift in Sources */,
				2FF6E2DF265120E4004F3804 /* NetworkAdapter.swift in Sources */,
				2F6359B7264D6C4C0028BF60 /* SignUpViewController.swift in Sources */,
				2FE8D7C1265155C000BAA47A /* Question.swift in Sources */,
				2F6359A1264D5D540028BF60 /* AppDelegate.swift in Sources */,
				2FF6E2DC2651174C004F3804 /* QuizViewController.swift in Sources */,
				2FAFBC4D2650290E002B0B3A /* SharedPrefController.swift in Sources */,
				2FAFBC502650297B002B0B3A /* Constants.swift in Sources */,
			);
			runOnlyForDeploymentPostprocessing = 0;
		};
/* End PBXSourcesBuildPhase section */

/* Begin PBXVariantGroup section */
		2F6359A4264D5D540028BF60 /* Main.storyboard */ = {
			isa = PBXVariantGroup;
			children = (
				2F6359A5264D5D540028BF60 /* Base */,
			);
			name = Main.storyboard;
			sourceTree = "<group>";
		};
		2F6359A9264D5D550028BF60 /* LaunchScreen.storyboard */ = {
			isa = PBXVariantGroup;
			children = (
				2F6359AA264D5D550028BF60 /* Base */,
			);
			name = LaunchScreen.storyboard;
			sourceTree = "<group>";
		};
/* End PBXVariantGroup section */

/* Begin XCBuildConfiguration section */
		2F6359AD264D5D550028BF60 /* Debug */ = {
			isa = XCBuildConfiguration;
			buildSettings = {
				ALWAYS_SEARCH_USER_PATHS = NO;
				CLANG_ANALYZER_NONNULL = YES;
				CLANG_ANALYZER_NUMBER_OBJECT_CONVERSION = YES_AGGRESSIVE;
				CLANG_CXX_LANGUAGE_STANDARD = "gnu++14";
				CLANG_CXX_LIBRARY = "libc++";
				CLANG_ENABLE_MODULES = YES;
				CLANG_ENABLE_OBJC_ARC = YES;
				CLANG_WARN_BLOCK_CAPTURE_AUTORELEASING = YES;
				CLANG_WARN_BOOL_CONVERSION = YES;
				CLANG_WARN_COMMA = YES;
				CLANG_WARN_CONSTANT_CONVERSION = YES;
				CLANG_WARN_DIRECT_OBJC_ISA_USAGE = YES_ERROR;
				CLANG_WARN_DOCUMENTATION_COMMENTS = YES;
				CLANG_WARN_EMPTY_BODY = YES;
				CLANG_WARN_ENUM_CONVERSION = YES;
				CLANG_WARN_INFINITE_RECURSION = YES;
				CLANG_WARN_INT_CONVERSION = YES;
				CLANG_WARN_NON_LITERAL_NULL_CONVERSION = YES;
				CLANG_WARN_OBJC_LITERAL_CONVERSION = YES;
				CLANG_WARN_OBJC_ROOT_CLASS = YES_ERROR;
				CLANG_WARN_RANGE_LOOP_ANALYSIS = YES;
				CLANG_WARN_STRICT_PROTOTYPES = YES;
				CLANG_WARN_SUSPICIOUS_MOVE = YES;
				CLANG_WARN_UNGUARDED_AVAILABILITY = YES_AGGRESSIVE;
				CLANG_WARN_UNREACHABLE_CODE = YES;
				CLANG_WARN__DUPLICATE_METHOD_MATCH = YES;
				CODE_SIGN_IDENTITY = "iPhone Developer";
				COPY_PHASE_STRIP = NO;
				DEBUG_INFORMATION_FORMAT = dwarf;
				ENABLE_STRICT_OBJC_MSGSEND = YES;
				ENABLE_TESTABILITY = YES;
				GCC_C_LANGUAGE_STANDARD = gnu11;
				GCC_DYNAMIC_NO_PIC = NO;
				GCC_NO_COMMON_BLOCKS = YES;
				GCC_OPTIMIZATION_LEVEL = 0;
				GCC_PREPROCESSOR_DEFINITIONS = (
					"DEBUG=1",
					"$(inherited)",
				);
				GCC_WARN_64_TO_32_BIT_CONVERSION = YES;
				GCC_WARN_ABOUT_RETURN_TYPE = YES_ERROR;
				GCC_WARN_UNDECLARED_SELECTOR = YES;
				GCC_WARN_UNINITIALIZED_AUTOS = YES_AGGRESSIVE;
				GCC_WARN_UNUSED_FUNCTION = YES;
				GCC_WARN_UNUSED_VARIABLE = YES;
				IPHONEOS_DEPLOYMENT_TARGET = 11.2;
				MTL_ENABLE_DEBUG_INFO = YES;
				ONLY_ACTIVE_ARCH = YES;
				SDKROOT = iphoneos;
				SWIFT_ACTIVE_COMPILATION_CONDITIONS = DEBUG;
				SWIFT_OPTIMIZATION_LEVEL = "-Onone";
			};
			name = Debug;
		};
		2F6359AE264D5D550028BF60 /* Release */ = {
			isa = XCBuildConfiguration;
			buildSettings = {
				ALWAYS_SEARCH_USER_PATHS = NO;
				CLANG_ANALYZER_NONNULL = YES;
				CLANG_ANALYZER_NUMBER_OBJECT_CONVERSION = YES_AGGRESSIVE;
				CLANG_CXX_LANGUAGE_STANDARD = "gnu++14";
				CLANG_CXX_LIBRARY = "libc++";
				CLANG_ENABLE_MODULES = YES;
				CLANG_ENABLE_OBJC_ARC = YES;
				CLANG_WARN_BLOCK_CAPTURE_AUTORELEASING = YES;
				CLANG_WARN_BOOL_CONVERSION = YES;
				CLANG_WARN_COMMA = YES;
				CLANG_WARN_CONSTANT_CONVERSION = YES;
				CLANG_WARN_DIRECT_OBJC_ISA_USAGE = YES_ERROR;
				CLANG_WARN_DOCUMENTATION_COMMENTS = YES;
				CLANG_WARN_EMPTY_BODY = YES;
				CLANG_WARN_ENUM_CONVERSION = YES;
				CLANG_WARN_INFINITE_RECURSION = YES;
				CLANG_WARN_INT_CONVERSION = YES;
				CLANG_WARN_NON_LITERAL_NULL_CONVERSION = YES;
				CLANG_WARN_OBJC_LITERAL_CONVERSION = YES;
				CLANG_WARN_OBJC_ROOT_CLASS = YES_ERROR;
				CLANG_WARN_RANGE_LOOP_ANALYSIS = YES;
				CLANG_WARN_STRICT_PROTOTYPES = YES;
				CLANG_WARN_SUSPICIOUS_MOVE = YES;
				CLANG_WARN_UNGUARDED_AVAILABILITY = YES_AGGRESSIVE;
				CLANG_WARN_UNREACHABLE_CODE = YES;
				CLANG_WARN__DUPLICATE_METHOD_MATCH = YES;
				CODE_SIGN_IDENTITY = "iPhone Developer";
				COPY_PHASE_STRIP = NO;
				DEBUG_INFORMATION_FORMAT = "dwarf-with-dsym";
				ENABLE_NS_ASSERTIONS = NO;
				ENABLE_STRICT_OBJC_MSGSEND = YES;
				GCC_C_LANGUAGE_STANDARD = gnu11;
				GCC_NO_COMMON_BLOCKS = YES;
				GCC_WARN_64_TO_32_BIT_CONVERSION = YES;
				GCC_WARN_ABOUT_RETURN_TYPE = YES_ERROR;
				GCC_WARN_UNDECLARED_SELECTOR = YES;
				GCC_WARN_UNINITIALIZED_AUTOS = YES_AGGRESSIVE;
				GCC_WARN_UNUSED_FUNCTION = YES;
				GCC_WARN_UNUSED_VARIABLE = YES;
				IPHONEOS_DEPLOYMENT_TARGET = 11.2;
				MTL_ENABLE_DEBUG_INFO = NO;
				SDKROOT = iphoneos;
				SWIFT_OPTIMIZATION_LEVEL = "-Owholemodule";
				VALIDATE_PRODUCT = YES;
			};
			name = Release;
		};
		2F6359B0264D5D550028BF60 /* Debug */ = {
			isa = XCBuildConfiguration;
			baseConfigurationReference = 8A1E801FE8E3EAEA98FBD6ED /* Pods-QuizApp.debug.xcconfig */;
			buildSettings = {
				ASSETCATALOG_COMPILER_APPICON_NAME = AppIcon;
				CODE_SIGN_STYLE = Automatic;
				INFOPLIST_FILE = QuizApp/Info.plist;
				LD_RUNPATH_SEARCH_PATHS = "$(inherited) @executable_path/Frameworks";
				PRODUCT_BUNDLE_IDENTIFIER = com.bkapp.QuizApp;
				PRODUCT_NAME = "$(TARGET_NAME)";
				SWIFT_VERSION = 4.0;
				TARGETED_DEVICE_FAMILY = "1,2";
			};
			name = Debug;
		};
		2F6359B1264D5D550028BF60 /* Release */ = {
			isa = XCBuildConfiguration;
			baseConfigurationReference = 33909467A380229A3B0C6EF4 /* Pods-QuizApp.release.xcconfig */;
			buildSettings = {
				ASSETCATALOG_COMPILER_APPICON_NAME = AppIcon;
				CODE_SIGN_STYLE = Automatic;
				INFOPLIST_FILE = QuizApp/Info.plist;
				LD_RUNPATH_SEARCH_PATHS = "$(inherited) @executable_path/Frameworks";
				PRODUCT_BUNDLE_IDENTIFIER = com.bkapp.QuizApp;
				PRODUCT_NAME = "$(TARGET_NAME)";
				SWIFT_VERSION = 4.0;
				TARGETED_DEVICE_FAMILY = "1,2";
			};
			name = Release;
		};
/* End XCBuildConfiguration section */

/* Begin XCConfigurationList section */
		2F635998264D5D540028BF60 /* Build configuration list for PBXProject "QuizApp" */ = {
			isa = XCConfigurationList;
			buildConfigurations = (
				2F6359AD264D5D550028BF60 /* Debug */,
				2F6359AE264D5D550028BF60 /* Release */,
			);
			defaultConfigurationIsVisible = 0;
			defaultConfigurationName = Release;
		};
		2F6359AF264D5D550028BF60 /* Build configuration list for PBXNativeTarget "QuizApp" */ = {
			isa = XCConfigurationList;
			buildConfigurations = (
				2F6359B0264D5D550028BF60 /* Debug */,
				2F6359B1264D5D550028BF60 /* Release */,
			);
			defaultConfigurationIsVisible = 0;
			defaultConfigurationName = Release;
		};
/* End XCConfigurationList section */
	};
	rootObject = 2F635995264D5D540028BF60 /* Project object */;
}
